// !$*UTF8*$!
{
	archiveVersion = 1;
	classes = {
	};
	objectVersion = 50;
	objects = {

/* Begin PBXBuildFile section */
		8598DB372095DD990055CB8D /* AppDelegate.swift in Sources */ = {isa = PBXBuildFile; fileRef = 8598DB362095DD990055CB8D /* AppDelegate.swift */; };
		8598DB392095DD990055CB8D /* ViewController.swift in Sources */ = {isa = PBXBuildFile; fileRef = 8598DB382095DD990055CB8D /* ViewController.swift */; };
		8598DB3C2095DD990055CB8D /* Main.storyboard in Resources */ = {isa = PBXBuildFile; fileRef = 8598DB3A2095DD990055CB8D /* Main.storyboard */; };
		8598DB3E2095DD9A0055CB8D /* Assets.xcassets in Resources */ = {isa = PBXBuildFile; fileRef = 8598DB3D2095DD9A0055CB8D /* Assets.xcassets */; };
		8598DB412095DD9A0055CB8D /* LaunchScreen.storyboard in Resources */ = {isa = PBXBuildFile; fileRef = 8598DB3F2095DD9A0055CB8D /* LaunchScreen.storyboard */; };
		8598DB502095E1C80055CB8D /* OtherUtilities.swift in Sources */ = {isa = PBXBuildFile; fileRef = 8598DB4F2095E1C80055CB8D /* OtherUtilities.swift */; };
		8598DB522095E2770055CB8D /* Reachability.swift in Sources */ = {isa = PBXBuildFile; fileRef = 8598DB512095E2770055CB8D /* Reachability.swift */; };
		8598DB562095E92B0055CB8D /* WebServiceManager.swift in Sources */ = {isa = PBXBuildFile; fileRef = 8598DB552095E92B0055CB8D /* WebServiceManager.swift */; };
		8598DB582095EA1C0055CB8D /* WeatherModel.swift in Sources */ = {isa = PBXBuildFile; fileRef = 8598DB572095EA1C0055CB8D /* WeatherModel.swift */; };
		8598DB5B2095EB8E0055CB8D /* Shared.swift in Sources */ = {isa = PBXBuildFile; fileRef = 8598DB5A2095EB8E0055CB8D /* Shared.swift */; };
		8598DB5D2095ED420055CB8D /* ConnectionManager.swift in Sources */ = {isa = PBXBuildFile; fileRef = 8598DB5C2095ED420055CB8D /* ConnectionManager.swift */; };
/* End PBXBuildFile section */

/* Begin PBXFileReference section */
		8598DB332095DD990055CB8D /* MVCSampleApp.app */ = {isa = PBXFileReference; explicitFileType = wrapper.application; includeInIndex = 0; path = MVCSampleApp.app; sourceTree = BUILT_PRODUCTS_DIR; };
		8598DB362095DD990055CB8D /* AppDelegate.swift */ = {isa = PBXFileReference; lastKnownFileType = sourcecode.swift; path = AppDelegate.swift; sourceTree = "<group>"; };
		8598DB382095DD990055CB8D /* ViewController.swift */ = {isa = PBXFileReference; lastKnownFileType = sourcecode.swift; path = ViewController.swift; sourceTree = "<group>"; };
		8598DB3B2095DD990055CB8D /* Base */ = {isa = PBXFileReference; lastKnownFileType = file.storyboard; name = Base; path = Base.lproj/Main.storyboard; sourceTree = "<group>"; };
		8598DB3D2095DD9A0055CB8D /* Assets.xcassets */ = {isa = PBXFileReference; lastKnownFileType = folder.assetcatalog; path = Assets.xcassets; sourceTree = "<group>"; };
		8598DB402095DD9A0055CB8D /* Base */ = {isa = PBXFileReference; lastKnownFileType = file.storyboard; name = Base; path = Base.lproj/LaunchScreen.storyboard; sourceTree = "<group>"; };
		8598DB422095DD9A0055CB8D /* Info.plist */ = {isa = PBXFileReference; lastKnownFileType = text.plist.xml; path = Info.plist; sourceTree = "<group>"; };
		8598DB4F2095E1C80055CB8D /* OtherUtilities.swift */ = {isa = PBXFileReference; lastKnownFileType = sourcecode.swift; path = OtherUtilities.swift; sourceTree = "<group>"; };
		8598DB512095E2770055CB8D /* Reachability.swift */ = {isa = PBXFileReference; lastKnownFileType = sourcecode.swift; path = Reachability.swift; sourceTree = "<group>"; };
		8598DB552095E92B0055CB8D /* WebServiceManager.swift */ = {isa = PBXFileReference; lastKnownFileType = sourcecode.swift; path = WebServiceManager.swift; sourceTree = "<group>"; };
		8598DB572095EA1C0055CB8D /* WeatherModel.swift */ = {isa = PBXFileReference; lastKnownFileType = sourcecode.swift; path = WeatherModel.swift; sourceTree = "<group>"; };
		8598DB5A2095EB8E0055CB8D /* Shared.swift */ = {isa = PBXFileReference; lastKnownFileType = sourcecode.swift; path = Shared.swift; sourceTree = "<group>"; };
		8598DB5C2095ED420055CB8D /* ConnectionManager.swift */ = {isa = PBXFileReference; lastKnownFileType = sourcecode.swift; path = ConnectionManager.swift; sourceTree = "<group>"; };
/* End PBXFileReference section */

/* Begin PBXFrameworksBuildPhase section */
		8598DB302095DD990055CB8D /* Frameworks */ = {
			isa = PBXFrameworksBuildPhase;
			buildActionMask = 2147483647;
			files = (
			);
			runOnlyForDeploymentPostprocessing = 0;
		};
/* End PBXFrameworksBuildPhase section */

/* Begin PBXGroup section */
		397F287C213F93B700210441 /* Views */ = {
			isa = PBXGroup;
			children = (
				8598DB3A2095DD990055CB8D /* Main.storyboard */,
				8598DB3F2095DD9A0055CB8D /* LaunchScreen.storyboard */,
			);
			path = Views;
			sourceTree = "<group>";
		};
		397F287D213F93D500210441 /* Resources */ = {
			isa = PBXGroup;
			children = (
				8598DB3D2095DD9A0055CB8D /* Assets.xcassets */,
			);
			path = Resources;
			sourceTree = "<group>";
		};
		8598DB2A2095DD990055CB8D = {
			isa = PBXGroup;
			children = (
				8598DB352095DD990055CB8D /* MVCSampleApp */,
				8598DB342095DD990055CB8D /* Products */,
			);
			sourceTree = "<group>";
		};
		8598DB342095DD990055CB8D /* Products */ = {
			isa = PBXGroup;
			children = (
				8598DB332095DD990055CB8D /* MVCSampleApp.app */,
			);
			name = Products;
			sourceTree = "<group>";
		};
		8598DB352095DD990055CB8D /* MVCSampleApp */ = {
			isa = PBXGroup;
			children = (
				8598DB422095DD9A0055CB8D /* Info.plist */,
				8598DB362095DD990055CB8D /* AppDelegate.swift */,
				8598DB482095DE700055CB8D /* Models */,
				397F287C213F93B700210441 /* Views */,
				8598DB492095DE820055CB8D /* Controllers */,
				8598DB4A2095DEAD0055CB8D /* Utilities */,
				397F287D213F93D500210441 /* Resources */,
			);
			path = MVCSampleApp;
			sourceTree = "<group>";
		};
		8598DB482095DE700055CB8D /* Models */ = {
			isa = PBXGroup;
			children = (
				8598DB572095EA1C0055CB8D /* WeatherModel.swift */,
			);
			path = Models;
			sourceTree = "<group>";
		};
		8598DB492095DE820055CB8D /* Controllers */ = {
			isa = PBXGroup;
			children = (
				8598DB382095DD990055CB8D /* ViewController.swift */,
				8598DB542095E9050055CB8D /* Network Manager */,
			);
			path = Controllers;
			sourceTree = "<group>";
		};
		8598DB4A2095DEAD0055CB8D /* Utilities */ = {
			isa = PBXGroup;
			children = (
				8598DB4F2095E1C80055CB8D /* OtherUtilities.swift */,
				8598DB512095E2770055CB8D /* Reachability.swift */,
				8598DB5A2095EB8E0055CB8D /* Shared.swift */,
			);
			path = Utilities;
			sourceTree = "<group>";
		};
		8598DB542095E9050055CB8D /* Network Manager */ = {
			isa = PBXGroup;
			children = (
				8598DB552095E92B0055CB8D /* WebServiceManager.swift */,
				8598DB5C2095ED420055CB8D /* ConnectionManager.swift */,
			);
			path = "Network Manager";
			sourceTree = "<group>";
		};
/* End PBXGroup section */

/* Begin PBXNativeTarget section */
		8598DB322095DD990055CB8D /* MVCSampleApp */ = {
			isa = PBXNativeTarget;
			buildConfigurationList = 8598DB452095DD9A0055CB8D /* Build configuration list for PBXNativeTarget "MVCSampleApp" */;
			buildPhases = (
				8598DB2F2095DD990055CB8D /* Sources */,
				8598DB302095DD990055CB8D /* Frameworks */,
				8598DB312095DD990055CB8D /* Resources */,
			);
			buildRules = (
			);
			dependencies = (
			);
			name = MVCSampleApp;
			productName = MVCSampleApp;
			productReference = 8598DB332095DD990055CB8D /* MVCSampleApp.app */;
			productType = "com.apple.product-type.application";
		};
/* End PBXNativeTarget section */

/* Begin PBXProject section */
		8598DB2B2095DD990055CB8D /* Project object */ = {
			isa = PBXProject;
			attributes = {
				LastSwiftUpdateCheck = 0930;
				LastUpgradeCheck = 0930;
				ORGANIZATIONNAME = Sadham;
				TargetAttributes = {
					8598DB322095DD990055CB8D = {
						CreatedOnToolsVersion = 9.3;
					};
				};
			};
			buildConfigurationList = 8598DB2E2095DD990055CB8D /* Build configuration list for PBXProject "MVCSampleApp" */;
			compatibilityVersion = "Xcode 9.3";
			developmentRegion = en;
			hasScannedForEncodings = 0;
			knownRegions = (
				en,
				Base,
			);
			mainGroup = 8598DB2A2095DD990055CB8D;
			productRefGroup = 8598DB342095DD990055CB8D /* Products */;
			projectDirPath = "";
			projectRoot = "";
			targets = (
				8598DB322095DD990055CB8D /* MVCSampleApp */,
			);
		};
/* End PBXProject section */

/* Begin PBXResourcesBuildPhase section */
		8598DB312095DD990055CB8D /* Resources */ = {
			isa = PBXResourcesBuildPhase;
			buildActionMask = 2147483647;
			files = (
				8598DB412095DD9A0055CB8D /* LaunchScreen.storyboard in Resources */,
				8598DB3E2095DD9A0055CB8D /* Assets.xcassets in Resources */,
				8598DB3C2095DD990055CB8D /* Main.storyboard in Resources */,
			);
			runOnlyForDeploymentPostprocessing = 0;
		};
/* End PBXResourcesBuildPhase section */

/* Begin PBXSourcesBuildPhase section */
		8598DB2F2095DD990055CB8D /* Sources */ = {
			isa = PBXSourcesBuildPhase;
			buildActionMask = 2147483647;
			files = (
				8598DB5B2095EB8E0055CB8D /* Shared.swift in Sources */,
				8598DB562095E92B0055CB8D /* WebServiceManager.swift in Sources */,
				8598DB392095DD990055CB8D /* ViewController.swift in Sources */,
				8598DB372095DD990055CB8D /* AppDelegate.swift in Sources */,
				8598DB522095E2770055CB8D /* Reachability.swift in Sources */,
				8598DB5D2095ED420055CB8D /* ConnectionManager.swift in Sources */,
				8598DB582095EA1C0055CB8D /* WeatherModel.swift in Sources */,
				8598DB502095E1C80055CB8D /* OtherUtilities.swift in Sources */,
			);
			runOnlyForDeploymentPostprocessing = 0;
		};
/* End PBXSourcesBuildPhase section */

/* Begin PBXVariantGroup section */
		8598DB3A2095DD990055CB8D /* Main.storyboard */ = {
			isa = PBXVariantGroup;
			children = (
				8598DB3B2095DD990055CB8D /* Base */,
			);
			name = Main.storyboard;
			sourceTree = "<group>";
		};
		8598DB3F2095DD9A0055CB8D /* LaunchScreen.storyboard */ = {
			isa = PBXVariantGroup;
			children = (
				8598DB402095DD9A0055CB8D /* Base */,
			);
			name = LaunchScreen.storyboard;
			sourceTree = "<group>";
		};
/* End PBXVariantGroup section */

/* Begin XCBuildConfiguration section */
		8598DB432095DD9A0055CB8D /* Debug */ = {
			isa = XCBuildConfiguration;
			buildSettings = {
				ALWAYS_SEARCH_USER_PATHS = NO;
				CLANG_ANALYZER_NONNULL = YES;
				CLANG_ANALYZER_NUMBER_OBJECT_CONVERSION = YES_AGGRESSIVE;
				CLANG_CXX_LANGUAGE_STANDARD = "gnu++14";
				CLANG_CXX_LIBRARY = "libc++";
				CLANG_ENABLE_MODULES = YES;
				CLANG_ENABLE_OBJC_ARC = YES;
				CLANG_ENABLE_OBJC_WEAK = YES;
				CLANG_WARN_BLOCK_CAPTURE_AUTORELEASING = YES;
				CLANG_WARN_BOOL_CONVERSION = YES;
				CLANG_WARN_COMMA = YES;
				CLANG_WARN_CONSTANT_CONVERSION = YES;
				CLANG_WARN_DEPRECATED_OBJC_IMPLEMENTATIONS = YES;
				CLANG_WARN_DIRECT_OBJC_ISA_USAGE = YES_ERROR;
				CLANG_WARN_DOCUMENTATION_COMMENTS = YES;
				CLANG_WARN_EMPTY_BODY = YES;
				CLANG_WARN_ENUM_CONVERSION = YES;
				CLANG_WARN_INFINITE_RECURSION = YES;
				CLANG_WARN_INT_CONVERSION = YES;
				CLANG_WARN_NON_LITERAL_NULL_CONVERSION = YES;
				CLANG_WARN_OBJC_IMPLICIT_RETAIN_SELF = YES;
				CLANG_WARN_OBJC_LITERAL_CONVERSION = YES;
				CLANG_WARN_OBJC_ROOT_CLASS = YES_ERROR;
				CLANG_WARN_RANGE_LOOP_ANALYSIS = YES;
				CLANG_WARN_STRICT_PROTOTYPES = YES;
				CLANG_WARN_SUSPICIOUS_MOVE = YES;
				CLANG_WARN_UNGUARDED_AVAILABILITY = YES_AGGRESSIVE;
				CLANG_WARN_UNREACHABLE_CODE = YES;
				CLANG_WARN__DUPLICATE_METHOD_MATCH = YES;
				CODE_SIGN_IDENTITY = "iPhone Developer";
				COPY_PHASE_STRIP = NO;
				DEBUG_INFORMATION_FORMAT = dwarf;
				ENABLE_STRICT_OBJC_MSGSEND = YES;
				ENABLE_TESTABILITY = YES;
				GCC_C_LANGUAGE_STANDARD = gnu11;
				GCC_DYNAMIC_NO_PIC = NO;
				GCC_NO_COMMON_BLOCKS = YES;
				GCC_OPTIMIZATION_LEVEL = 0;
				GCC_PREPROCESSOR_DEFINITIONS = (
					"DEBUG=1",
					"$(inherited)",
				);
				GCC_WARN_64_TO_32_BIT_CONVERSION = YES;
				GCC_WARN_ABOUT_RETURN_TYPE = YES_ERROR;
				GCC_WARN_UNDECLARED_SELECTOR = YES;
				GCC_WARN_UNINITIALIZED_AUTOS = YES_AGGRESSIVE;
				GCC_WARN_UNUSED_FUNCTION = YES;
				GCC_WARN_UNUSED_VARIABLE = YES;
				IPHONEOS_DEPLOYMENT_TARGET = 11.3;
				MTL_ENABLE_DEBUG_INFO = YES;
				ONLY_ACTIVE_ARCH = YES;
				SDKROOT = iphoneos;
				SWIFT_ACTIVE_COMPILATION_CONDITIONS = DEBUG;
				SWIFT_OPTIMIZATION_LEVEL = "-Onone";
			};
			name = Debug;
		};
		8598DB442095DD9A0055CB8D /* Release */ = {
			isa = XCBuildConfiguration;
			buildSettings = {
				ALWAYS_SEARCH_USER_PATHS = NO;
				CLANG_ANALYZER_NONNULL = YES;
				CLANG_ANALYZER_NUMBER_OBJECT_CONVERSION = YES_AGGRESSIVE;
				CLANG_CXX_LANGUAGE_STANDARD = "gnu++14";
				CLANG_CXX_LIBRARY = "libc++";
				CLANG_ENABLE_MODULES = YES;
				CLANG_ENABLE_OBJC_ARC = YES;
				CLANG_ENABLE_OBJC_WEAK = YES;
				CLANG_WARN_BLOCK_CAPTURE_AUTORELEASING = YES;
				CLANG_WARN_BOOL_CONVERSION = YES;
				CLANG_WARN_COMMA = YES;
				CLANG_WARN_CONSTANT_CONVERSION = YES;
				CLANG_WARN_DEPRECATED_OBJC_IMPLEMENTATIONS = YES;
				CLANG_WARN_DIRECT_OBJC_ISA_USAGE = YES_ERROR;
				CLANG_WARN_DOCUMENTATION_COMMENTS = YES;
				CLANG_WARN_EMPTY_BODY = YES;
				CLANG_WARN_ENUM_CONVERSION = YES;
				CLANG_WARN_INFINITE_RECURSION = YES;
				CLANG_WARN_INT_CONVERSION = YES;
				CLANG_WARN_NON_LITERAL_NULL_CONVERSION = YES;
				CLANG_WARN_OBJC_IMPLICIT_RETAIN_SELF = YES;
				CLANG_WARN_OBJC_LITERAL_CONVERSION = YES;
				CLANG_WARN_OBJC_ROOT_CLASS = YES_ERROR;
				CLANG_WARN_RANGE_LOOP_ANALYSIS = YES;
				CLANG_WARN_STRICT_PROTOTYPES = YES;
				CLANG_WARN_SUSPICIOUS_MOVE = YES;
				CLANG_WARN_UNGUARDED_AVAILABILITY = YES_AGGRESSIVE;
				CLANG_WARN_UNREACHABLE_CODE = YES;
				CLANG_WARN__DUPLICATE_METHOD_MATCH = YES;
				CODE_SIGN_IDENTITY = "iPhone Developer";
				COPY_PHASE_STRIP = NO;
				DEBUG_INFORMATION_FORMAT = "dwarf-with-dsym";
				ENABLE_NS_ASSERTIONS = NO;
				ENABLE_STRICT_OBJC_MSGSEND = YES;
				GCC_C_LANGUAGE_STANDARD = gnu11;
				GCC_NO_COMMON_BLOCKS = YES;
				GCC_WARN_64_TO_32_BIT_CONVERSION = YES;
				GCC_WARN_ABOUT_RETURN_TYPE = YES_ERROR;
				GCC_WARN_UNDECLARED_SELECTOR = YES;
				GCC_WARN_UNINITIALIZED_AUTOS = YES_AGGRESSIVE;
				GCC_WARN_UNUSED_FUNCTION = YES;
				GCC_WARN_UNUSED_VARIABLE = YES;
				IPHONEOS_DEPLOYMENT_TARGET = 11.3;
				MTL_ENABLE_DEBUG_INFO = NO;
				SDKROOT = iphoneos;
				SWIFT_COMPILATION_MODE = wholemodule;
				SWIFT_OPTIMIZATION_LEVEL = "-O";
				VALIDATE_PRODUCT = YES;
			};
			name = Release;
		};
		8598DB462095DD9A0055CB8D /* Debug */ = {
			isa = XCBuildConfiguration;
			buildSettings = {
				ASSETCATALOG_COMPILER_APPICON_NAME = AppIcon;
				CODE_SIGN_STYLE = Automatic;
				DEVELOPMENT_TEAM = WR82MQC7L3;
				INFOPLIST_FILE = MVCSampleApp/Info.plist;
				IPHONEOS_DEPLOYMENT_TARGET = 9.0;
				LD_RUNPATH_SEARCH_PATHS = (
					"$(inherited)",
					"@executable_path/Frameworks",
				);
				PRODUCT_BUNDLE_IDENTIFIER = HMD.MVCSampleApp;
				PRODUCT_NAME = "$(TARGET_NAME)";
				SWIFT_VERSION = 4.0;
				TARGETED_DEVICE_FAMILY = 1;
			};
			name = Debug;
		};
		8598DB472095DD9A0055CB8D /* Release */ = {
			isa = XCBuildConfiguration;
			buildSettings = {
				ASSETCATALOG_COMPILER_APPICON_NAME = AppIcon;
				CODE_SIGN_STYLE = Automatic;
				DEVELOPMENT_TEAM = WR82MQC7L3;
				INFOPLIST_FILE = MVCSampleApp/Info.plist;
				IPHONEOS_DEPLOYMENT_TARGET = 9.0;
				LD_RUNPATH_SEARCH_PATHS = (
					"$(inherited)",
					"@executable_path/Frameworks",
				);
				PRODUCT_BUNDLE_IDENTIFIER = HMD.MVCSampleApp;
				PRODUCT_NAME = "$(TARGET_NAME)";
				SWIFT_VERSION = 4.0;
				TARGETED_DEVICE_FAMILY = 1;
			};
			name = Release;
		};
/* End XCBuildConfiguration section */

/* Begin XCConfigurationList section */
		8598DB2E2095DD990055CB8D /* Build configuration list for PBXProject "MVCSampleApp" */ = {
			isa = XCConfigurationList;
			buildConfigurations = (
				8598DB432095DD9A0055CB8D /* Debug */,
				8598DB442095DD9A0055CB8D /* Release */,
			);
			defaultConfigurationIsVisible = 0;
			defaultConfigurationName = Release;
		};
		8598DB452095DD9A0055CB8D /* Build configuration list for PBXNativeTarget "MVCSampleApp" */ = {
			isa = XCConfigurationList;
			buildConfigurations = (
				8598DB462095DD9A0055CB8D /* Debug */,
				8598DB472095DD9A0055CB8D /* Release */,
			);
			defaultConfigurationIsVisible = 0;
			defaultConfigurationName = Release;
		};
/* End XCConfigurationList section */
	};
	rootObject = 8598DB2B2095DD990055CB8D /* Project object */;
}
